
Microsoft Visual Studio Solution File, Format Version 12.00
# Visual Studio Version 17
VisualStudioVersion = 17.3.32901.215
MinimumVisualStudioVersion = 10.0.40219.1
Project("{FAE04EC0-301F-11D3-BF4B-00C04F79EFBC}") = "Rock_Paper_Scissors", "Rock_Paper_Scissors.csproj", "{066EDA7C-AF43-43A4-816E-E7E9D6D9A85E}"
EndProject
Global
	GlobalSection(SolutionConfigurationPlatforms) = preSolution
		Debug|Any CPU = Debug|Any CPU
		Release|Any CPU = Release|Any CPU
	EndGlobalSection
	GlobalSection(ProjectConfigurationPlatforms) = postSolution
		{066EDA7C-AF43-43A4-816E-E7E9D6D9A85E}.Debug|Any CPU.ActiveCfg = Debug|Any CPU
		{066EDA7C-AF43-43A4-816E-E7E9D6D9A85E}.Debug|Any CPU.Build.0 = Debug|Any CPU
		{066EDA7C-AF43-43A4-816E-E7E9D6D9A85E}.Release|Any CPU.ActiveCfg = Release|Any CPU
		{066EDA7C-AF43-43A4-816E-E7E9D6D9A85E}.Release|Any CPU.Build.0 = Release|Any CPU
	EndGlobalSection
	GlobalSection(SolutionProperties) = preSolution
		HideSolutionNode = FALSE
	EndGlobalSection
	GlobalSection(ExtensibilityGlobals) = postSolution
		SolutionGuid = {1EF87DB0-A6CC-44D0-8E12-87427D1BEB99}
	EndGlobalSection
EndGlobal
